
Microsoft Visual Studio Solution File, Format Version 12.00
# Visual Studio Version 17
VisualStudioVersion = 17.8.34309.116
MinimumVisualStudioVersion = 10.0.40219.1
Project("{FAE04EC0-301F-11D3-BF4B-00C04F79EFBC}") = "Bs.BusinessCentral.Admin.Web", "Bs.BusinessCentral.Admin.Web\Bs.BusinessCentral.Admin.Web.csproj", "{ACDED0AC-5A90-48D9-B2B1-DDD9AA965321}"
EndProject
Global
	GlobalSection(SolutionConfigurationPlatforms) = preSolution
		Debug|Any CPU = Debug|Any CPU
		Release|Any CPU = Release|Any CPU
	EndGlobalSection
	GlobalSection(ProjectConfigurationPlatforms) = postSolution
		{ACDED0AC-5A90-48D9-B2B1-DDD9AA965321}.Debug|Any CPU.ActiveCfg = Debug|Any CPU
		{ACDED0AC-5A90-48D9-B2B1-DDD9AA965321}.Debug|Any CPU.Build.0 = Debug|Any CPU
		{ACDED0AC-5A90-48D9-B2B1-DDD9AA965321}.Release|Any CPU.ActiveCfg = Release|Any CPU
		{ACDED0AC-5A90-48D9-B2B1-DDD9AA965321}.Release|Any CPU.Build.0 = Release|Any CPU
	EndGlobalSection
	GlobalSection(SolutionProperties) = preSolution
		HideSolutionNode = FALSE
	EndGlobalSection
	GlobalSection(ExtensibilityGlobals) = postSolution
		SolutionGuid = {A87690F6-2A17-44AC-866A-CA90834569E4}
	EndGlobalSection
EndGlobal
